
Microsoft Visual Studio Solution File, Format Version 12.00
# Visual Studio Version 16
VisualStudioVersion = 16.0.30309.148
MinimumVisualStudioVersion = 10.0.40219.1
Project("{FAE04EC0-301F-11D3-BF4B-00C04F79EFBC}") = "MvcMovie", "MvcMovie\MvcMovie.csproj", "{827E8B26-D9C8-4FF0-A7BA-CF8A7BAE0CE9}"
EndProject
Global
	GlobalSection(SolutionConfigurationPlatforms) = preSolution
		Debug|Any CPU = Debug|Any CPU
		Release|Any CPU = Release|Any CPU
	EndGlobalSection
	GlobalSection(ProjectConfigurationPlatforms) = postSolution
		{827E8B26-D9C8-4FF0-A7BA-CF8A7BAE0CE9}.Debug|Any CPU.ActiveCfg = Debug|Any CPU
		{827E8B26-D9C8-4FF0-A7BA-CF8A7BAE0CE9}.Debug|Any CPU.Build.0 = Debug|Any CPU
		{827E8B26-D9C8-4FF0-A7BA-CF8A7BAE0CE9}.Release|Any CPU.ActiveCfg = Release|Any CPU
		{827E8B26-D9C8-4FF0-A7BA-CF8A7BAE0CE9}.Release|Any CPU.Build.0 = Release|Any CPU
	EndGlobalSection
	GlobalSection(SolutionProperties) = preSolution
		HideSolutionNode = FALSE
	EndGlobalSection
	GlobalSection(ExtensibilityGlobals) = postSolution
		SolutionGuid = {624744D3-EAA0-431E-A603-5428F949527D}
	EndGlobalSection
EndGlobal
